
Microsoft Visual Studio Solution File, Format Version 12.00
# Visual Studio Version 17
VisualStudioVersion = 17.11.35312.102
MinimumVisualStudioVersion = 10.0.40219.1
Project("{FAE04EC0-301F-11D3-BF4B-00C04F79EFBC}") = "kr_1.1", "kr_1.1\kr_1.1.csproj", "{1CF2C550-3EB5-4271-84E6-0033AF923550}"
EndProject
Global
	GlobalSection(SolutionConfigurationPlatforms) = preSolution
		Debug|Any CPU = Debug|Any CPU
		Release|Any CPU = Release|Any CPU
	EndGlobalSection
	GlobalSection(ProjectConfigurationPlatforms) = postSolution
		{1CF2C550-3EB5-4271-84E6-0033AF923550}.Debug|Any CPU.ActiveCfg = Debug|Any CPU
		{1CF2C550-3EB5-4271-84E6-0033AF923550}.Debug|Any CPU.Build.0 = Debug|Any CPU
		{1CF2C550-3EB5-4271-84E6-0033AF923550}.Release|Any CPU.ActiveCfg = Release|Any CPU
		{1CF2C550-3EB5-4271-84E6-0033AF923550}.Release|Any CPU.Build.0 = Release|Any CPU
	EndGlobalSection
	GlobalSection(SolutionProperties) = preSolution
		HideSolutionNode = FALSE
	EndGlobalSection
	GlobalSection(ExtensibilityGlobals) = postSolution
		SolutionGuid = {AAAAB407-294C-4619-8C80-79EA7980B80D}
	EndGlobalSection
EndGlobal
