
Microsoft Visual Studio Solution File, Format Version 12.00
# Visual Studio Version 17
VisualStudioVersion = 17.11.35312.102
MinimumVisualStudioVersion = 10.0.40219.1
Project("{FAE04EC0-301F-11D3-BF4B-00C04F79EFBC}") = "7_1", "7_1\7_1.csproj", "{6B23F13E-43BC-4704-8357-2F9843B67211}"
EndProject
Global
	GlobalSection(SolutionConfigurationPlatforms) = preSolution
		Debug|Any CPU = Debug|Any CPU
		Release|Any CPU = Release|Any CPU
	EndGlobalSection
	GlobalSection(ProjectConfigurationPlatforms) = postSolution
		{6B23F13E-43BC-4704-8357-2F9843B67211}.Debug|Any CPU.ActiveCfg = Debug|Any CPU
		{6B23F13E-43BC-4704-8357-2F9843B67211}.Debug|Any CPU.Build.0 = Debug|Any CPU
		{6B23F13E-43BC-4704-8357-2F9843B67211}.Release|Any CPU.ActiveCfg = Release|Any CPU
		{6B23F13E-43BC-4704-8357-2F9843B67211}.Release|Any CPU.Build.0 = Release|Any CPU
	EndGlobalSection
	GlobalSection(SolutionProperties) = preSolution
		HideSolutionNode = FALSE
	EndGlobalSection
	GlobalSection(ExtensibilityGlobals) = postSolution
		SolutionGuid = {3BE90CA6-80D0-4FE2-A9A1-2B29D5A7FC2E}
	EndGlobalSection
EndGlobal
