
Microsoft Visual Studio Solution File, Format Version 12.00
# Visual Studio Version 17
VisualStudioVersion = 17.11.35312.102
MinimumVisualStudioVersion = 10.0.40219.1
Project("{FAE04EC0-301F-11D3-BF4B-00C04F79EFBC}") = "Zadanie_1-3", "Zadanie_1-3\Zadanie_1-3.csproj", "{C7521B4E-2974-4E43-9F49-1094FA1848DC}"
EndProject
Global
	GlobalSection(SolutionConfigurationPlatforms) = preSolution
		Debug|Any CPU = Debug|Any CPU
		Release|Any CPU = Release|Any CPU
	EndGlobalSection
	GlobalSection(ProjectConfigurationPlatforms) = postSolution
		{C7521B4E-2974-4E43-9F49-1094FA1848DC}.Debug|Any CPU.ActiveCfg = Debug|Any CPU
		{C7521B4E-2974-4E43-9F49-1094FA1848DC}.Debug|Any CPU.Build.0 = Debug|Any CPU
		{C7521B4E-2974-4E43-9F49-1094FA1848DC}.Release|Any CPU.ActiveCfg = Release|Any CPU
		{C7521B4E-2974-4E43-9F49-1094FA1848DC}.Release|Any CPU.Build.0 = Release|Any CPU
	EndGlobalSection
	GlobalSection(SolutionProperties) = preSolution
		HideSolutionNode = FALSE
	EndGlobalSection
	GlobalSection(ExtensibilityGlobals) = postSolution
		SolutionGuid = {5A4EB2BC-4035-4A97-94A8-CA27D4C53C9C}
	EndGlobalSection
EndGlobal
