
Microsoft Visual Studio Solution File, Format Version 12.00
# Visual Studio Version 17
VisualStudioVersion = 17.11.35312.102
MinimumVisualStudioVersion = 10.0.40219.1
Project("{FAE04EC0-301F-11D3-BF4B-00C04F79EFBC}") = "Zadanie_2-2_factorial", "Zadanie_2-2\Zadanie_2-2_factorial.csproj", "{034DC185-B8DE-4F2F-9447-458FDE51BA9F}"
EndProject
Global
	GlobalSection(SolutionConfigurationPlatforms) = preSolution
		Debug|Any CPU = Debug|Any CPU
		Release|Any CPU = Release|Any CPU
	EndGlobalSection
	GlobalSection(ProjectConfigurationPlatforms) = postSolution
		{034DC185-B8DE-4F2F-9447-458FDE51BA9F}.Debug|Any CPU.ActiveCfg = Debug|Any CPU
		{034DC185-B8DE-4F2F-9447-458FDE51BA9F}.Debug|Any CPU.Build.0 = Debug|Any CPU
		{034DC185-B8DE-4F2F-9447-458FDE51BA9F}.Release|Any CPU.ActiveCfg = Release|Any CPU
		{034DC185-B8DE-4F2F-9447-458FDE51BA9F}.Release|Any CPU.Build.0 = Release|Any CPU
	EndGlobalSection
	GlobalSection(SolutionProperties) = preSolution
		HideSolutionNode = FALSE
	EndGlobalSection
	GlobalSection(ExtensibilityGlobals) = postSolution
		SolutionGuid = {3309A3B7-A559-407C-8DA2-3DCF74571171}
	EndGlobalSection
EndGlobal
